
Microsoft Visual Studio Solution File, Format Version 12.00
# Visual Studio 2012
Project("{FAE04EC0-301F-11D3-BF4B-00C04F79EFBC}") = "iOSStackView", "iOSStackView\iOSStackView.csproj", "{074BF42B-1B3E-4F86-8F18-0FB7211DF635}"
EndProject
Global
	GlobalSection(SolutionConfigurationPlatforms) = preSolution
		Debug|iPhoneSimulator = Debug|iPhoneSimulator
		Release|iPhone = Release|iPhone
		Release|iPhoneSimulator = Release|iPhoneSimulator
		Debug|iPhone = Debug|iPhone
	EndGlobalSection
	GlobalSection(ProjectConfigurationPlatforms) = postSolution
		{074BF42B-1B3E-4F86-8F18-0FB7211DF635}.Debug|iPhone.ActiveCfg = Debug|iPhone
		{074BF42B-1B3E-4F86-8F18-0FB7211DF635}.Debug|iPhone.Build.0 = Debug|iPhone
		{074BF42B-1B3E-4F86-8F18-0FB7211DF635}.Debug|iPhoneSimulator.ActiveCfg = Debug|iPhoneSimulator
		{074BF42B-1B3E-4F86-8F18-0FB7211DF635}.Debug|iPhoneSimulator.Build.0 = Debug|iPhoneSimulator
		{074BF42B-1B3E-4F86-8F18-0FB7211DF635}.Release|iPhone.ActiveCfg = Release|iPhone
		{074BF42B-1B3E-4F86-8F18-0FB7211DF635}.Release|iPhone.Build.0 = Release|iPhone
		{074BF42B-1B3E-4F86-8F18-0FB7211DF635}.Release|iPhoneSimulator.ActiveCfg = Release|iPhoneSimulator
		{074BF42B-1B3E-4F86-8F18-0FB7211DF635}.Release|iPhoneSimulator.Build.0 = Release|iPhoneSimulator
	EndGlobalSection
EndGlobal
